// !$*UTF8*$!
{
	archiveVersion = 1;
	classes = {
	};
	objectVersion = 46;
	objects = {

/* Begin PBXBuildFile section */
		09407DA6D0D09EFB9319F7FA /* Pods_TwitterDemoUITests.framework in Frameworks */ = {isa = PBXBuildFile; fileRef = FDDB4C55283FB7E69AFC3DB8 /* Pods_TwitterDemoUITests.framework */; };
		66F7DD036CDDD52394434762 /* Pods_TwitterDemoTests.framework in Frameworks */ = {isa = PBXBuildFile; fileRef = B6A36D2C5584F9C815CD9C2B /* Pods_TwitterDemoTests.framework */; };
		743697181F89AB00005E19E3 /* MainViewController.swift in Sources */ = {isa = PBXBuildFile; fileRef = 743697171F89AB00005E19E3 /* MainViewController.swift */; };
		7436971A1F89B0D5005E19E3 /* MenuOptionCell.swift in Sources */ = {isa = PBXBuildFile; fileRef = 743697191F89B0D5005E19E3 /* MenuOptionCell.swift */; };
		7436971C1F89B110005E19E3 /* MenuViewController.swift in Sources */ = {isa = PBXBuildFile; fileRef = 7436971B1F89B110005E19E3 /* MenuViewController.swift */; };
		74B050681F801F6700E6F966 /* LoginViewController.swift in Sources */ = {isa = PBXBuildFile; fileRef = 74B050671F801F6700E6F966 /* LoginViewController.swift */; };
		74B0506D1F803A0E00E6F966 /* User.swift in Sources */ = {isa = PBXBuildFile; fileRef = 74B0506C1F803A0E00E6F966 /* User.swift */; };
		74B0506F1F803A1A00E6F966 /* Tweet.swift in Sources */ = {isa = PBXBuildFile; fileRef = 74B0506E1F803A1A00E6F966 /* Tweet.swift */; };
		74B050711F80405800E6F966 /* TwitterClient.swift in Sources */ = {isa = PBXBuildFile; fileRef = 74B050701F80405800E6F966 /* TwitterClient.swift */; };
		74B050731F8049E900E6F966 /* HomeViewController.swift in Sources */ = {isa = PBXBuildFile; fileRef = 74B050721F8049E900E6F966 /* HomeViewController.swift */; };
		74B050761F804B7400E6F966 /* TweetCell.swift in Sources */ = {isa = PBXBuildFile; fileRef = 74B050751F804B7400E6F966 /* TweetCell.swift */; };
		74B050781F81607600E6F966 /* Utilities.swift in Sources */ = {isa = PBXBuildFile; fileRef = 74B050771F81607600E6F966 /* Utilities.swift */; };
		74B0507A1F8177AA00E6F966 /* TweetComposeViewController.swift in Sources */ = {isa = PBXBuildFile; fileRef = 74B050791F8177AA00E6F966 /* TweetComposeViewController.swift */; };
		74C0D99E1F801DA6005728AF /* AppDelegate.swift in Sources */ = {isa = PBXBuildFile; fileRef = 74C0D99D1F801DA6005728AF /* AppDelegate.swift */; };
		74C0D9A31F801DA6005728AF /* Main.storyboard in Resources */ = {isa = PBXBuildFile; fileRef = 74C0D9A11F801DA6005728AF /* Main.storyboard */; };
		74C0D9A51F801DA6005728AF /* Assets.xcassets in Resources */ = {isa = PBXBuildFile; fileRef = 74C0D9A41F801DA6005728AF /* Assets.xcassets */; };
		74C0D9A81F801DA6005728AF /* LaunchScreen.storyboard in Resources */ = {isa = PBXBuildFile; fileRef = 74C0D9A61F801DA6005728AF /* LaunchScreen.storyboard */; };
		74C0D9B31F801DA6005728AF /* TwitterDemoTests.swift in Sources */ = {isa = PBXBuildFile; fileRef = 74C0D9B21F801DA6005728AF /* TwitterDemoTests.swift */; };
		74C0D9BE1F801DA6005728AF /* TwitterDemoUITests.swift in Sources */ = {isa = PBXBuildFile; fileRef = 74C0D9BD1F801DA6005728AF /* TwitterDemoUITests.swift */; };
		74C3DBA71F81A451007E68F0 /* TweetDetailViewController.swift in Sources */ = {isa = PBXBuildFile; fileRef = 74C3DBA61F81A451007E68F0 /* TweetDetailViewController.swift */; };
		74C3DBA91F81ACF6007E68F0 /* DetailTweetCell.swift in Sources */ = {isa = PBXBuildFile; fileRef = 74C3DBA81F81ACF6007E68F0 /* DetailTweetCell.swift */; };
		74C3DBAB1F81AD0D007E68F0 /* RetweetFavoriteCell.swift in Sources */ = {isa = PBXBuildFile; fileRef = 74C3DBAA1F81AD0D007E68F0 /* RetweetFavoriteCell.swift */; };
		74C3DBAD1F81AD1E007E68F0 /* ControlsCell.swift in Sources */ = {isa = PBXBuildFile; fileRef = 74C3DBAC1F81AD1E007E68F0 /* ControlsCell.swift */; };
		74C3DBAF1F81CF62007E68F0 /* TweetReplyViewController.swift in Sources */ = {isa = PBXBuildFile; fileRef = 74C3DBAE1F81CF62007E68F0 /* TweetReplyViewController.swift */; };
		7CD0BA7F42F89566005AA3FA /* Pods_TwitterDemo.framework in Frameworks */ = {isa = PBXBuildFile; fileRef = C0093490243931A7F0F913AE /* Pods_TwitterDemo.framework */; };
/* End PBXBuildFile section */

/* Begin PBXContainerItemProxy section */
		74C0D9AF1F801DA6005728AF /* PBXContainerItemProxy */ = {
			isa = PBXContainerItemProxy;
			containerPortal = 74C0D9921F801DA6005728AF /* Project object */;
			proxyType = 1;
			remoteGlobalIDString = 74C0D9991F801DA6005728AF;
			remoteInfo = TwitterDemo;
		};
		74C0D9BA1F801DA6005728AF /* PBXContainerItemProxy */ = {
			isa = PBXContainerItemProxy;
			containerPortal = 74C0D9921F801DA6005728AF /* Project object */;
			proxyType = 1;
			remoteGlobalIDString = 74C0D9991F801DA6005728AF;
			remoteInfo = TwitterDemo;
		};
/* End PBXContainerItemProxy section */

/* Begin PBXFileReference section */
		2DCC90183563B1B0E9153C4E /* Pods-TwitterDemo.release.xcconfig */ = {isa = PBXFileReference; includeInIndex = 1; lastKnownFileType = text.xcconfig; name = "Pods-TwitterDemo.release.xcconfig"; path = "Pods/Target Support Files/Pods-TwitterDemo/Pods-TwitterDemo.release.xcconfig"; sourceTree = "<group>"; };
		637E27385A28EFFC80D518CA /* Pods-TwitterDemoTests.debug.xcconfig */ = {isa = PBXFileReference; includeInIndex = 1; lastKnownFileType = text.xcconfig; name = "Pods-TwitterDemoTests.debug.xcconfig"; path = "Pods/Target Support Files/Pods-TwitterDemoTests/Pods-TwitterDemoTests.debug.xcconfig"; sourceTree = "<group>"; };
		6928D3DD52BE2EDFA88BC73C /* Pods-TwitterDemoUITests.release.xcconfig */ = {isa = PBXFileReference; includeInIndex = 1; lastKnownFileType = text.xcconfig; name = "Pods-TwitterDemoUITests.release.xcconfig"; path = "Pods/Target Support Files/Pods-TwitterDemoUITests/Pods-TwitterDemoUITests.release.xcconfig"; sourceTree = "<group>"; };
		743697171F89AB00005E19E3 /* MainViewController.swift */ = {isa = PBXFileReference; fileEncoding = 4; lastKnownFileType = sourcecode.swift; path = MainViewController.swift; sourceTree = "<group>"; };
		743697191F89B0D5005E19E3 /* MenuOptionCell.swift */ = {isa = PBXFileReference; fileEncoding = 4; lastKnownFileType = sourcecode.swift; path = MenuOptionCell.swift; sourceTree = "<group>"; };
		7436971B1F89B110005E19E3 /* MenuViewController.swift */ = {isa = PBXFileReference; fileEncoding = 4; lastKnownFileType = sourcecode.swift; path = MenuViewController.swift; sourceTree = "<group>"; };
		74B050671F801F6700E6F966 /* LoginViewController.swift */ = {isa = PBXFileReference; fileEncoding = 4; lastKnownFileType = sourcecode.swift; path = LoginViewController.swift; sourceTree = "<group>"; };
		74B0506C1F803A0E00E6F966 /* User.swift */ = {isa = PBXFileReference; fileEncoding = 4; lastKnownFileType = sourcecode.swift; path = User.swift; sourceTree = "<group>"; };
		74B0506E1F803A1A00E6F966 /* Tweet.swift */ = {isa = PBXFileReference; fileEncoding = 4; lastKnownFileType = sourcecode.swift; path = Tweet.swift; sourceTree = "<group>"; };
		74B050701F80405800E6F966 /* TwitterClient.swift */ = {isa = PBXFileReference; fileEncoding = 4; lastKnownFileType = sourcecode.swift; path = TwitterClient.swift; sourceTree = "<group>"; };
		74B050721F8049E900E6F966 /* HomeViewController.swift */ = {isa = PBXFileReference; fileEncoding = 4; lastKnownFileType = sourcecode.swift; path = HomeViewController.swift; sourceTree = "<group>"; };
		74B050751F804B7400E6F966 /* TweetCell.swift */ = {isa = PBXFileReference; fileEncoding = 4; lastKnownFileType = sourcecode.swift; path = TweetCell.swift; sourceTree = "<group>"; };
		74B050771F81607600E6F966 /* Utilities.swift */ = {isa = PBXFileReference; fileEncoding = 4; lastKnownFileType = sourcecode.swift; path = Utilities.swift; sourceTree = "<group>"; };
		74B050791F8177AA00E6F966 /* TweetComposeViewController.swift */ = {isa = PBXFileReference; fileEncoding = 4; lastKnownFileType = sourcecode.swift; path = TweetComposeViewController.swift; sourceTree = "<group>"; };
		74C0D99A1F801DA6005728AF /* TwitterDemo.app */ = {isa = PBXFileReference; explicitFileType = wrapper.application; includeInIndex = 0; path = TwitterDemo.app; sourceTree = BUILT_PRODUCTS_DIR; };
		74C0D99D1F801DA6005728AF /* AppDelegate.swift */ = {isa = PBXFileReference; lastKnownFileType = sourcecode.swift; path = AppDelegate.swift; sourceTree = "<group>"; };
		74C0D9A21F801DA6005728AF /* Base */ = {isa = PBXFileReference; lastKnownFileType = file.storyboard; name = Base; path = Base.lproj/Main.storyboard; sourceTree = "<group>"; };
		74C0D9A41F801DA6005728AF /* Assets.xcassets */ = {isa = PBXFileReference; lastKnownFileType = folder.assetcatalog; path = Assets.xcassets; sourceTree = "<group>"; };
		74C0D9A71F801DA6005728AF /* Base */ = {isa = PBXFileReference; lastKnownFileType = file.storyboard; name = Base; path = Base.lproj/LaunchScreen.storyboard; sourceTree = "<group>"; };
		74C0D9A91F801DA6005728AF /* Info.plist */ = {isa = PBXFileReference; lastKnownFileType = text.plist.xml; path = Info.plist; sourceTree = "<group>"; };
		74C0D9AE1F801DA6005728AF /* TwitterDemoTests.xctest */ = {isa = PBXFileReference; explicitFileType = wrapper.cfbundle; includeInIndex = 0; path = TwitterDemoTests.xctest; sourceTree = BUILT_PRODUCTS_DIR; };
		74C0D9B21F801DA6005728AF /* TwitterDemoTests.swift */ = {isa = PBXFileReference; lastKnownFileType = sourcecode.swift; path = TwitterDemoTests.swift; sourceTree = "<group>"; };
		74C0D9B41F801DA6005728AF /* Info.plist */ = {isa = PBXFileReference; lastKnownFileType = text.plist.xml; path = Info.plist; sourceTree = "<group>"; };
		74C0D9B91F801DA6005728AF /* TwitterDemoUITests.xctest */ = {isa = PBXFileReference; explicitFileType = wrapper.cfbundle; includeInIndex = 0; path = TwitterDemoUITests.xctest; sourceTree = BUILT_PRODUCTS_DIR; };
		74C0D9BD1F801DA6005728AF /* TwitterDemoUITests.swift */ = {isa = PBXFileReference; lastKnownFileType = sourcecode.swift; path = TwitterDemoUITests.swift; sourceTree = "<group>"; };
		74C0D9BF1F801DA6005728AF /* Info.plist */ = {isa = PBXFileReference; lastKnownFileType = text.plist.xml; path = Info.plist; sourceTree = "<group>"; };
		74C3DBA61F81A451007E68F0 /* TweetDetailViewController.swift */ = {isa = PBXFileReference; fileEncoding = 4; lastKnownFileType = sourcecode.swift; path = TweetDetailViewController.swift; sourceTree = "<group>"; };
		74C3DBA81F81ACF6007E68F0 /* DetailTweetCell.swift */ = {isa = PBXFileReference; fileEncoding = 4; lastKnownFileType = sourcecode.swift; path = DetailTweetCell.swift; sourceTree = "<group>"; };
		74C3DBAA1F81AD0D007E68F0 /* RetweetFavoriteCell.swift */ = {isa = PBXFileReference; fileEncoding = 4; lastKnownFileType = sourcecode.swift; path = RetweetFavoriteCell.swift; sourceTree = "<group>"; };
		74C3DBAC1F81AD1E007E68F0 /* ControlsCell.swift */ = {isa = PBXFileReference; fileEncoding = 4; lastKnownFileType = sourcecode.swift; path = ControlsCell.swift; sourceTree = "<group>"; };
		74C3DBAE1F81CF62007E68F0 /* TweetReplyViewController.swift */ = {isa = PBXFileReference; fileEncoding = 4; lastKnownFileType = sourcecode.swift; path = TweetReplyViewController.swift; sourceTree = "<group>"; };
		87327124B4AAB417E1350A4D /* Pods-TwitterDemoUITests.debug.xcconfig */ = {isa = PBXFileReference; includeInIndex = 1; lastKnownFileType = text.xcconfig; name = "Pods-TwitterDemoUITests.debug.xcconfig"; path = "Pods/Target Support Files/Pods-TwitterDemoUITests/Pods-TwitterDemoUITests.debug.xcconfig"; sourceTree = "<group>"; };
		AD98F29E27A91E5E519E5F4A /* Pods-TwitterDemoTests.release.xcconfig */ = {isa = PBXFileReference; includeInIndex = 1; lastKnownFileType = text.xcconfig; name = "Pods-TwitterDemoTests.release.xcconfig"; path = "Pods/Target Support Files/Pods-TwitterDemoTests/Pods-TwitterDemoTests.release.xcconfig"; sourceTree = "<group>"; };
		B6A36D2C5584F9C815CD9C2B /* Pods_TwitterDemoTests.framework */ = {isa = PBXFileReference; explicitFileType = wrapper.framework; includeInIndex = 0; path = Pods_TwitterDemoTests.framework; sourceTree = BUILT_PRODUCTS_DIR; };
		C0093490243931A7F0F913AE /* Pods_TwitterDemo.framework */ = {isa = PBXFileReference; explicitFileType = wrapper.framework; includeInIndex = 0; path = Pods_TwitterDemo.framework; sourceTree = BUILT_PRODUCTS_DIR; };
		D6E9EBF387148979CF151B05 /* Pods-TwitterDemo.debug.xcconfig */ = {isa = PBXFileReference; includeInIndex = 1; lastKnownFileType = text.xcconfig; name = "Pods-TwitterDemo.debug.xcconfig"; path = "Pods/Target Support Files/Pods-TwitterDemo/Pods-TwitterDemo.debug.xcconfig"; sourceTree = "<group>"; };
		FDDB4C55283FB7E69AFC3DB8 /* Pods_TwitterDemoUITests.framework */ = {isa = PBXFileReference; explicitFileType = wrapper.framework; includeInIndex = 0; path = Pods_TwitterDemoUITests.framework; sourceTree = BUILT_PRODUCTS_DIR; };
/* End PBXFileReference section */

/* Begin PBXFrameworksBuildPhase section */
		74C0D9971F801DA6005728AF /* Frameworks */ = {
			isa = PBXFrameworksBuildPhase;
			buildActionMask = 2147483647;
			files = (
				7CD0BA7F42F89566005AA3FA /* Pods_TwitterDemo.framework in Frameworks */,
			);
			runOnlyForDeploymentPostprocessing = 0;
		};
		74C0D9AB1F801DA6005728AF /* Frameworks */ = {
			isa = PBXFrameworksBuildPhase;
			buildActionMask = 2147483647;
			files = (
				66F7DD036CDDD52394434762 /* Pods_TwitterDemoTests.framework in Frameworks */,
			);
			runOnlyForDeploymentPostprocessing = 0;
		};
		74C0D9B61F801DA6005728AF /* Frameworks */ = {
			isa = PBXFrameworksBuildPhase;
			buildActionMask = 2147483647;
			files = (
				09407DA6D0D09EFB9319F7FA /* Pods_TwitterDemoUITests.framework in Frameworks */,
			);
			runOnlyForDeploymentPostprocessing = 0;
		};
/* End PBXFrameworksBuildPhase section */

/* Begin PBXGroup section */
		625D0D02701BAA26D5792803 /* Pods */ = {
			isa = PBXGroup;
			children = (
				D6E9EBF387148979CF151B05 /* Pods-TwitterDemo.debug.xcconfig */,
				2DCC90183563B1B0E9153C4E /* Pods-TwitterDemo.release.xcconfig */,
				637E27385A28EFFC80D518CA /* Pods-TwitterDemoTests.debug.xcconfig */,
				AD98F29E27A91E5E519E5F4A /* Pods-TwitterDemoTests.release.xcconfig */,
				87327124B4AAB417E1350A4D /* Pods-TwitterDemoUITests.debug.xcconfig */,
				6928D3DD52BE2EDFA88BC73C /* Pods-TwitterDemoUITests.release.xcconfig */,
			);
			name = Pods;
			sourceTree = "<group>";
		};
		74B050691F8039C900E6F966 /* Model */ = {
			isa = PBXGroup;
			children = (
				74B0506C1F803A0E00E6F966 /* User.swift */,
				74B0506E1F803A1A00E6F966 /* Tweet.swift */,
				74B050771F81607600E6F966 /* Utilities.swift */,
			);
			name = Model;
			sourceTree = "<group>";
		};
		74B0506A1F8039D800E6F966 /* ViewControllers */ = {
			isa = PBXGroup;
			children = (
				74B050671F801F6700E6F966 /* LoginViewController.swift */,
				74B050721F8049E900E6F966 /* HomeViewController.swift */,
				74B050791F8177AA00E6F966 /* TweetComposeViewController.swift */,
				74C3DBA61F81A451007E68F0 /* TweetDetailViewController.swift */,
				74C3DBAE1F81CF62007E68F0 /* TweetReplyViewController.swift */,
				743697171F89AB00005E19E3 /* MainViewController.swift */,
				7436971B1F89B110005E19E3 /* MenuViewController.swift */,
			);
			name = ViewControllers;
			sourceTree = "<group>";
		};
		74B0506B1F8039E300E6F966 /* APIs */ = {
			isa = PBXGroup;
			children = (
				74B050701F80405800E6F966 /* TwitterClient.swift */,
			);
			name = APIs;
			sourceTree = "<group>";
		};
		74B050741F804B5700E6F966 /* Views */ = {
			isa = PBXGroup;
			children = (
				74B050751F804B7400E6F966 /* TweetCell.swift */,
				74C3DBA81F81ACF6007E68F0 /* DetailTweetCell.swift */,
				74C3DBAA1F81AD0D007E68F0 /* RetweetFavoriteCell.swift */,
				74C3DBAC1F81AD1E007E68F0 /* ControlsCell.swift */,
				743697191F89B0D5005E19E3 /* MenuOptionCell.swift */,
			);
			name = Views;
			sourceTree = "<group>";
		};
		74C0D9911F801DA6005728AF = {
			isa = PBXGroup;
			children = (
				74C0D99C1F801DA6005728AF /* TwitterDemo */,
				74C0D9B11F801DA6005728AF /* TwitterDemoTests */,
				74C0D9BC1F801DA6005728AF /* TwitterDemoUITests */,
				74C0D99B1F801DA6005728AF /* Products */,
				625D0D02701BAA26D5792803 /* Pods */,
				A779A034AB6F374402EFD0A4 /* Frameworks */,
			);
			sourceTree = "<group>";
		};
		74C0D99B1F801DA6005728AF /* Products */ = {
			isa = PBXGroup;
			children = (
				74C0D99A1F801DA6005728AF /* TwitterDemo.app */,
				74C0D9AE1F801DA6005728AF /* TwitterDemoTests.xctest */,
				74C0D9B91F801DA6005728AF /* TwitterDemoUITests.xctest */,
			);
			name = Products;
			sourceTree = "<group>";
		};
		74C0D99C1F801DA6005728AF /* TwitterDemo */ = {
			isa = PBXGroup;
			children = (
				74B050741F804B5700E6F966 /* Views */,
				74B0506B1F8039E300E6F966 /* APIs */,
				74B0506A1F8039D800E6F966 /* ViewControllers */,
				74B050691F8039C900E6F966 /* Model */,
				74C0D99D1F801DA6005728AF /* AppDelegate.swift */,
				74C0D9A11F801DA6005728AF /* Main.storyboard */,
				74C0D9A41F801DA6005728AF /* Assets.xcassets */,
				74C0D9A61F801DA6005728AF /* LaunchScreen.storyboard */,
				74C0D9A91F801DA6005728AF /* Info.plist */,
			);
			path = TwitterDemo;
			sourceTree = "<group>";
		};
		74C0D9B11F801DA6005728AF /* TwitterDemoTests */ = {
			isa = PBXGroup;
			children = (
				74C0D9B21F801DA6005728AF /* TwitterDemoTests.swift */,
				74C0D9B41F801DA6005728AF /* Info.plist */,
			);
			path = TwitterDemoTests;
			sourceTree = "<group>";
		};
		74C0D9BC1F801DA6005728AF /* TwitterDemoUITests */ = {
			isa = PBXGroup;
			children = (
				74C0D9BD1F801DA6005728AF /* TwitterDemoUITests.swift */,
				74C0D9BF1F801DA6005728AF /* Info.plist */,
			);
			path = TwitterDemoUITests;
			sourceTree = "<group>";
		};
		A779A034AB6F374402EFD0A4 /* Frameworks */ = {
			isa = PBXGroup;
			children = (
				C0093490243931A7F0F913AE /* Pods_TwitterDemo.framework */,
				B6A36D2C5584F9C815CD9C2B /* Pods_TwitterDemoTests.framework */,
				FDDB4C55283FB7E69AFC3DB8 /* Pods_TwitterDemoUITests.framework */,
			);
			name = Frameworks;
			sourceTree = "<group>";
		};
/* End PBXGroup section */

/* Begin PBXNativeTarget section */
		74C0D9991F801DA6005728AF /* TwitterDemo */ = {
			isa = PBXNativeTarget;
			buildConfigurationList = 74C0D9C21F801DA6005728AF /* Build configuration list for PBXNativeTarget "TwitterDemo" */;
			buildPhases = (
				997E4AF8FF3D4F6ACD6D16FA /* [CP] Check Pods Manifest.lock */,
				74C0D9961F801DA6005728AF /* Sources */,
				74C0D9971F801DA6005728AF /* Frameworks */,
				74C0D9981F801DA6005728AF /* Resources */,
				7770DF519C36FD89352A1C83 /* [CP] Embed Pods Frameworks */,
				800C47A4F633E9057E1BB879 /* [CP] Copy Pods Resources */,
			);
			buildRules = (
			);
			dependencies = (
			);
			name = TwitterDemo;
			productName = TwitterDemo;
			productReference = 74C0D99A1F801DA6005728AF /* TwitterDemo.app */;
			productType = "com.apple.product-type.application";
		};
		74C0D9AD1F801DA6005728AF /* TwitterDemoTests */ = {
			isa = PBXNativeTarget;
			buildConfigurationList = 74C0D9C51F801DA6005728AF /* Build configuration list for PBXNativeTarget "TwitterDemoTests" */;
			buildPhases = (
				59826828EA16649BAC18E248 /* [CP] Check Pods Manifest.lock */,
				74C0D9AA1F801DA6005728AF /* Sources */,
				74C0D9AB1F801DA6005728AF /* Frameworks */,
				74C0D9AC1F801DA6005728AF /* Resources */,
				1A0390DF472F6158185A693A /* [CP] Embed Pods Frameworks */,
				6C5B05E9A0270B818CFC6E59 /* [CP] Copy Pods Resources */,
			);
			buildRules = (
			);
			dependencies = (
				74C0D9B01F801DA6005728AF /* PBXTargetDependency */,
			);
			name = TwitterDemoTests;
			productName = TwitterDemoTests;
			productReference = 74C0D9AE1F801DA6005728AF /* TwitterDemoTests.xctest */;
			productType = "com.apple.product-type.bundle.unit-test";
		};
		74C0D9B81F801DA6005728AF /* TwitterDemoUITests */ = {
			isa = PBXNativeTarget;
			buildConfigurationList = 74C0D9C81F801DA6005728AF /* Build configuration list for PBXNativeTarget "TwitterDemoUITests" */;
			buildPhases = (
				73FBADFFB1673EF8A7FCC7F4 /* [CP] Check Pods Manifest.lock */,
				74C0D9B51F801DA6005728AF /* Sources */,
				74C0D9B61F801DA6005728AF /* Frameworks */,
				74C0D9B71F801DA6005728AF /* Resources */,
				6E91F77EDDB214743F73B345 /* [CP] Embed Pods Frameworks */,
				FBD70ED77040E9EC11B3F4B0 /* [CP] Copy Pods Resources */,
			);
			buildRules = (
			);
			dependencies = (
				74C0D9BB1F801DA6005728AF /* PBXTargetDependency */,
			);
			name = TwitterDemoUITests;
			productName = TwitterDemoUITests;
			productReference = 74C0D9B91F801DA6005728AF /* TwitterDemoUITests.xctest */;
			productType = "com.apple.product-type.bundle.ui-testing";
		};
/* End PBXNativeTarget section */

/* Begin PBXProject section */
		74C0D9921F801DA6005728AF /* Project object */ = {
			isa = PBXProject;
			attributes = {
				LastSwiftUpdateCheck = 0830;
				LastUpgradeCheck = 0830;
				ORGANIZATIONNAME = "Siji Rachel Tom";
				TargetAttributes = {
					74C0D9991F801DA6005728AF = {
						CreatedOnToolsVersion = 8.3.3;
						ProvisioningStyle = Automatic;
					};
					74C0D9AD1F801DA6005728AF = {
						CreatedOnToolsVersion = 8.3.3;
						ProvisioningStyle = Automatic;
						TestTargetID = 74C0D9991F801DA6005728AF;
					};
					74C0D9B81F801DA6005728AF = {
						CreatedOnToolsVersion = 8.3.3;
						ProvisioningStyle = Automatic;
						TestTargetID = 74C0D9991F801DA6005728AF;
					};
				};
			};
			buildConfigurationList = 74C0D9951F801DA6005728AF /* Build configuration list for PBXProject "TwitterDemo" */;
			compatibilityVersion = "Xcode 3.2";
			developmentRegion = English;
			hasScannedForEncodings = 0;
			knownRegions = (
				en,
				Base,
			);
			mainGroup = 74C0D9911F801DA6005728AF;
			productRefGroup = 74C0D99B1F801DA6005728AF /* Products */;
			projectDirPath = "";
			projectRoot = "";
			targets = (
				74C0D9991F801DA6005728AF /* TwitterDemo */,
				74C0D9AD1F801DA6005728AF /* TwitterDemoTests */,
				74C0D9B81F801DA6005728AF /* TwitterDemoUITests */,
			);
		};
/* End PBXProject section */

/* Begin PBXResourcesBuildPhase section */
		74C0D9981F801DA6005728AF /* Resources */ = {
			isa = PBXResourcesBuildPhase;
			buildActionMask = 2147483647;
			files = (
				74C0D9A81F801DA6005728AF /* LaunchScreen.storyboard in Resources */,
				74C0D9A51F801DA6005728AF /* Assets.xcassets in Resources */,
				74C0D9A31F801DA6005728AF /* Main.storyboard in Resources */,
			);
			runOnlyForDeploymentPostprocessing = 0;
		};
		74C0D9AC1F801DA6005728AF /* Resources */ = {
			isa = PBXResourcesBuildPhase;
			buildActionMask = 2147483647;
			files = (
			);
			runOnlyForDeploymentPostprocessing = 0;
		};
		74C0D9B71F801DA6005728AF /* Resources */ = {
			isa = PBXResourcesBuildPhase;
			buildActionMask = 2147483647;
			files = (
			);
			runOnlyForDeploymentPostprocessing = 0;
		};
/* End PBXResourcesBuildPhase section */

/* Begin PBXShellScriptBuildPhase section */
		1A0390DF472F6158185A693A /* [CP] Embed Pods Frameworks */ = {
			isa = PBXShellScriptBuildPhase;
			buildActionMask = 2147483647;
			files = (
			);
			inputPaths = (
			);
			name = "[CP] Embed Pods Frameworks";
			outputPaths = (
			);
			runOnlyForDeploymentPostprocessing = 0;
			shellPath = /bin/sh;
			shellScript = "\"${SRCROOT}/Pods/Target Support Files/Pods-TwitterDemoTests/Pods-TwitterDemoTests-frameworks.sh\"\n";
			showEnvVarsInLog = 0;
		};
		59826828EA16649BAC18E248 /* [CP] Check Pods Manifest.lock */ = {
			isa = PBXShellScriptBuildPhase;
			buildActionMask = 2147483647;
			files = (
			);
			inputPaths = (
				"${PODS_PODFILE_DIR_PATH}/Podfile.lock",
				"${PODS_ROOT}/Manifest.lock",
			);
			name = "[CP] Check Pods Manifest.lock";
			outputPaths = (
				"$(DERIVED_FILE_DIR)/Pods-TwitterDemoTests-checkManifestLockResult.txt",
			);
			runOnlyForDeploymentPostprocessing = 0;
			shellPath = /bin/sh;
			shellScript = "diff \"${PODS_PODFILE_DIR_PATH}/Podfile.lock\" \"${PODS_ROOT}/Manifest.lock\" > /dev/null\nif [ $? != 0 ] ; then\n    # print error to STDERR\n    echo \"error: The sandbox is not in sync with the Podfile.lock. Run 'pod install' or update your CocoaPods installation.\" >&2\n    exit 1\nfi\n# This output is used by Xcode 'outputs' to avoid re-running this script phase.\necho \"SUCCESS\" > \"${SCRIPT_OUTPUT_FILE_0}\"\n";
			showEnvVarsInLog = 0;
		};
		6C5B05E9A0270B818CFC6E59 /* [CP] Copy Pods Resources */ = {
			isa = PBXShellScriptBuildPhase;
			buildActionMask = 2147483647;
			files = (
			);
			inputPaths = (
			);
			name = "[CP] Copy Pods Resources";
			outputPaths = (
			);
			runOnlyForDeploymentPostprocessing = 0;
			shellPath = /bin/sh;
			shellScript = "\"${SRCROOT}/Pods/Target Support Files/Pods-TwitterDemoTests/Pods-TwitterDemoTests-resources.sh\"\n";
			showEnvVarsInLog = 0;
		};
		6E91F77EDDB214743F73B345 /* [CP] Embed Pods Frameworks */ = {
			isa = PBXShellScriptBuildPhase;
			buildActionMask = 2147483647;
			files = (
			);
			inputPaths = (
			);
			name = "[CP] Embed Pods Frameworks";
			outputPaths = (
			);
			runOnlyForDeploymentPostprocessing = 0;
			shellPath = /bin/sh;
			shellScript = "\"${SRCROOT}/Pods/Target Support Files/Pods-TwitterDemoUITests/Pods-TwitterDemoUITests-frameworks.sh\"\n";
			showEnvVarsInLog = 0;
		};
		73FBADFFB1673EF8A7FCC7F4 /* [CP] Check Pods Manifest.lock */ = {
			isa = PBXShellScriptBuildPhase;
			buildActionMask = 2147483647;
			files = (
			);
			inputPaths = (
				"${PODS_PODFILE_DIR_PATH}/Podfile.lock",
				"${PODS_ROOT}/Manifest.lock",
			);
			name = "[CP] Check Pods Manifest.lock";
			outputPaths = (
				"$(DERIVED_FILE_DIR)/Pods-TwitterDemoUITests-checkManifestLockResult.txt",
			);
			runOnlyForDeploymentPostprocessing = 0;
			shellPath = /bin/sh;
			shellScript = "diff \"${PODS_PODFILE_DIR_PATH}/Podfile.lock\" \"${PODS_ROOT}/Manifest.lock\" > /dev/null\nif [ $? != 0 ] ; then\n    # print error to STDERR\n    echo \"error: The sandbox is not in sync with the Podfile.lock. Run 'pod install' or update your CocoaPods installation.\" >&2\n    exit 1\nfi\n# This output is used by Xcode 'outputs' to avoid re-running this script phase.\necho \"SUCCESS\" > \"${SCRIPT_OUTPUT_FILE_0}\"\n";
			showEnvVarsInLog = 0;
		};
		7770DF519C36FD89352A1C83 /* [CP] Embed Pods Frameworks */ = {
			isa = PBXShellScriptBuildPhase;
			buildActionMask = 2147483647;
			files = (
			);
			inputPaths = (
				"${SRCROOT}/Pods/Target Support Files/Pods-TwitterDemo/Pods-TwitterDemo-frameworks.sh",
				"${BUILT_PRODUCTS_DIR}/AFNetworking/AFNetworking.framework",
				"${BUILT_PRODUCTS_DIR}/BDBOAuth1Manager/BDBOAuth1Manager.framework",
				"${BUILT_PRODUCTS_DIR}/MBProgressHUD/MBProgressHUD.framework",
			);
			name = "[CP] Embed Pods Frameworks";
			outputPaths = (
				"${TARGET_BUILD_DIR}/${FRAMEWORKS_FOLDER_PATH}/AFNetworking.framework",
				"${TARGET_BUILD_DIR}/${FRAMEWORKS_FOLDER_PATH}/BDBOAuth1Manager.framework",
				"${TARGET_BUILD_DIR}/${FRAMEWORKS_FOLDER_PATH}/MBProgressHUD.framework",
			);
			runOnlyForDeploymentPostprocessing = 0;
			shellPath = /bin/sh;
			shellScript = "\"${SRCROOT}/Pods/Target Support Files/Pods-TwitterDemo/Pods-TwitterDemo-frameworks.sh\"\n";
			showEnvVarsInLog = 0;
		};
		800C47A4F633E9057E1BB879 /* [CP] Copy Pods Resources */ = {
			isa = PBXShellScriptBuildPhase;
			buildActionMask = 2147483647;
			files = (
			);
			inputPaths = (
			);
			name = "[CP] Copy Pods Resources";
			outputPaths = (
			);
			runOnlyForDeploymentPostprocessing = 0;
			shellPath = /bin/sh;
			shellScript = "\"${SRCROOT}/Pods/Target Support Files/Pods-TwitterDemo/Pods-TwitterDemo-resources.sh\"\n";
			showEnvVarsInLog = 0;
		};
		997E4AF8FF3D4F6ACD6D16FA /* [CP] Check Pods Manifest.lock */ = {
			isa = PBXShellScriptBuildPhase;
			buildActionMask = 2147483647;
			files = (
			);
			inputPaths = (
				"${PODS_PODFILE_DIR_PATH}/Podfile.lock",
				"${PODS_ROOT}/Manifest.lock",
			);
			name = "[CP] Check Pods Manifest.lock";
			outputPaths = (
				"$(DERIVED_FILE_DIR)/Pods-TwitterDemo-checkManifestLockResult.txt",
			);
			runOnlyForDeploymentPostprocessing = 0;
			shellPath = /bin/sh;
			shellScript = "diff \"${PODS_PODFILE_DIR_PATH}/Podfile.lock\" \"${PODS_ROOT}/Manifest.lock\" > /dev/null\nif [ $? != 0 ] ; then\n    # print error to STDERR\n    echo \"error: The sandbox is not in sync with the Podfile.lock. Run 'pod install' or update your CocoaPods installation.\" >&2\n    exit 1\nfi\n# This output is used by Xcode 'outputs' to avoid re-running this script phase.\necho \"SUCCESS\" > \"${SCRIPT_OUTPUT_FILE_0}\"\n";
			showEnvVarsInLog = 0;
		};
		FBD70ED77040E9EC11B3F4B0 /* [CP] Copy Pods Resources */ = {
			isa = PBXShellScriptBuildPhase;
			buildActionMask = 2147483647;
			files = (
			);
			inputPaths = (
			);
			name = "[CP] Copy Pods Resources";
			outputPaths = (
			);
			runOnlyForDeploymentPostprocessing = 0;
			shellPath = /bin/sh;
			shellScript = "\"${SRCROOT}/Pods/Target Support Files/Pods-TwitterDemoUITests/Pods-TwitterDemoUITests-resources.sh\"\n";
			showEnvVarsInLog = 0;
		};
/* End PBXShellScriptBuildPhase section */

/* Begin PBXSourcesBuildPhase section */
		74C0D9961F801DA6005728AF /* Sources */ = {
			isa = PBXSourcesBuildPhase;
			buildActionMask = 2147483647;
			files = (
				74C3DBAB1F81AD0D007E68F0 /* RetweetFavoriteCell.swift in Sources */,
				74B050711F80405800E6F966 /* TwitterClient.swift in Sources */,
				74B050761F804B7400E6F966 /* TweetCell.swift in Sources */,
				74B0507A1F8177AA00E6F966 /* TweetComposeViewController.swift in Sources */,
				74B050681F801F6700E6F966 /* LoginViewController.swift in Sources */,
				74C3DBA91F81ACF6007E68F0 /* DetailTweetCell.swift in Sources */,
				74B050731F8049E900E6F966 /* HomeViewController.swift in Sources */,
				74C0D99E1F801DA6005728AF /* AppDelegate.swift in Sources */,
				74B0506D1F803A0E00E6F966 /* User.swift in Sources */,
				743697181F89AB00005E19E3 /* MainViewController.swift in Sources */,
				74C3DBAF1F81CF62007E68F0 /* TweetReplyViewController.swift in Sources */,
				7436971C1F89B110005E19E3 /* MenuViewController.swift in Sources */,
				74C3DBAD1F81AD1E007E68F0 /* ControlsCell.swift in Sources */,
				74B050781F81607600E6F966 /* Utilities.swift in Sources */,
				7436971A1F89B0D5005E19E3 /* MenuOptionCell.swift in Sources */,
				74B0506F1F803A1A00E6F966 /* Tweet.swift in Sources */,
				74C3DBA71F81A451007E68F0 /* TweetDetailViewController.swift in Sources */,
			);
			runOnlyForDeploymentPostprocessing = 0;
		};
		74C0D9AA1F801DA6005728AF /* Sources */ = {
			isa = PBXSourcesBuildPhase;
			buildActionMask = 2147483647;
			files = (
				74C0D9B31F801DA6005728AF /* TwitterDemoTests.swift in Sources */,
			);
			runOnlyForDeploymentPostprocessing = 0;
		};
		74C0D9B51F801DA6005728AF /* Sources */ = {
			isa = PBXSourcesBuildPhase;
			buildActionMask = 2147483647;
			files = (
				74C0D9BE1F801DA6005728AF /* TwitterDemoUITests.swift in Sources */,
			);
			runOnlyForDeploymentPostprocessing = 0;
		};
/* End PBXSourcesBuildPhase section */

/* Begin PBXTargetDependency section */
		74C0D9B01F801DA6005728AF /* PBXTargetDependency */ = {
			isa = PBXTargetDependency;
			target = 74C0D9991F801DA6005728AF /* TwitterDemo */;
			targetProxy = 74C0D9AF1F801DA6005728AF /* PBXContainerItemProxy */;
		};
		74C0D9BB1F801DA6005728AF /* PBXTargetDependency */ = {
			isa = PBXTargetDependency;
			target = 74C0D9991F801DA6005728AF /* TwitterDemo */;
			targetProxy = 74C0D9BA1F801DA6005728AF /* PBXContainerItemProxy */;
		};
/* End PBXTargetDependency section */

/* Begin PBXVariantGroup section */
		74C0D9A11F801DA6005728AF /* Main.storyboard */ = {
			isa = PBXVariantGroup;
			children = (
				74C0D9A21F801DA6005728AF /* Base */,
			);
			name = Main.storyboard;
			sourceTree = "<group>";
		};
		74C0D9A61F801DA6005728AF /* LaunchScreen.storyboard */ = {
			isa = PBXVariantGroup;
			children = (
				74C0D9A71F801DA6005728AF /* Base */,
			);
			name = LaunchScreen.storyboard;
			sourceTree = "<group>";
		};
/* End PBXVariantGroup section */

/* Begin XCBuildConfiguration section */
		74C0D9C01F801DA6005728AF /* Debug */ = {
			isa = XCBuildConfiguration;
			buildSettings = {
				ALWAYS_SEARCH_USER_PATHS = NO;
				CLANG_ANALYZER_NONNULL = YES;
				CLANG_ANALYZER_NUMBER_OBJECT_CONVERSION = YES_AGGRESSIVE;
				CLANG_CXX_LANGUAGE_STANDARD = "gnu++0x";
				CLANG_CXX_LIBRARY = "libc++";
				CLANG_ENABLE_MODULES = YES;
				CLANG_ENABLE_OBJC_ARC = YES;
				CLANG_WARN_BOOL_CONVERSION = YES;
				CLANG_WARN_CONSTANT_CONVERSION = YES;
				CLANG_WARN_DIRECT_OBJC_ISA_USAGE = YES_ERROR;
				CLANG_WARN_DOCUMENTATION_COMMENTS = YES;
				CLANG_WARN_EMPTY_BODY = YES;
				CLANG_WARN_ENUM_CONVERSION = YES;
				CLANG_WARN_INFINITE_RECURSION = YES;
				CLANG_WARN_INT_CONVERSION = YES;
				CLANG_WARN_OBJC_ROOT_CLASS = YES_ERROR;
				CLANG_WARN_SUSPICIOUS_MOVE = YES;
				CLANG_WARN_UNREACHABLE_CODE = YES;
				CLANG_WARN__DUPLICATE_METHOD_MATCH = YES;
				"CODE_SIGN_IDENTITY[sdk=iphoneos*]" = "iPhone Developer";
				COPY_PHASE_STRIP = NO;
				DEBUG_INFORMATION_FORMAT = dwarf;
				ENABLE_STRICT_OBJC_MSGSEND = YES;
				ENABLE_TESTABILITY = YES;
				GCC_C_LANGUAGE_STANDARD = gnu99;
				GCC_DYNAMIC_NO_PIC = NO;
				GCC_NO_COMMON_BLOCKS = YES;
				GCC_OPTIMIZATION_LEVEL = 0;
				GCC_PREPROCESSOR_DEFINITIONS = (
					"DEBUG=1",
					"$(inherited)",
				);
				GCC_WARN_64_TO_32_BIT_CONVERSION = YES;
				GCC_WARN_ABOUT_RETURN_TYPE = YES_ERROR;
				GCC_WARN_UNDECLARED_SELECTOR = YES;
				GCC_WARN_UNINITIALIZED_AUTOS = YES_AGGRESSIVE;
				GCC_WARN_UNUSED_FUNCTION = YES;
				GCC_WARN_UNUSED_VARIABLE = YES;
				IPHONEOS_DEPLOYMENT_TARGET = 10.3;
				MTL_ENABLE_DEBUG_INFO = YES;
				ONLY_ACTIVE_ARCH = YES;
				SDKROOT = iphoneos;
				SWIFT_ACTIVE_COMPILATION_CONDITIONS = DEBUG;
				SWIFT_OPTIMIZATION_LEVEL = "-Onone";
				TARGETED_DEVICE_FAMILY = "1,2";
			};
			name = Debug;
		};
		74C0D9C11F801DA6005728AF /* Release */ = {
			isa = XCBuildConfiguration;
			buildSettings = {
				ALWAYS_SEARCH_USER_PATHS = NO;
				CLANG_ANALYZER_NONNULL = YES;
				CLANG_ANALYZER_NUMBER_OBJECT_CONVERSION = YES_AGGRESSIVE;
				CLANG_CXX_LANGUAGE_STANDARD = "gnu++0x";
				CLANG_CXX_LIBRARY = "libc++";
				CLANG_ENABLE_MODULES = YES;
				CLANG_ENABLE_OBJC_ARC = YES;
				CLANG_WARN_BOOL_CONVERSION = YES;
				CLANG_WARN_CONSTANT_CONVERSION = YES;
				CLANG_WARN_DIRECT_OBJC_ISA_USAGE = YES_ERROR;
				CLANG_WARN_DOCUMENTATION_COMMENTS = YES;
				CLANG_WARN_EMPTY_BODY = YES;
				CLANG_WARN_ENUM_CONVERSION = YES;
				CLANG_WARN_INFINITE_RECURSION = YES;
				CLANG_WARN_INT_CONVERSION = YES;
				CLANG_WARN_OBJC_ROOT_CLASS = YES_ERROR;
				CLANG_WARN_SUSPICIOUS_MOVE = YES;
				CLANG_WARN_UNREACHABLE_CODE = YES;
				CLANG_WARN__DUPLICATE_METHOD_MATCH = YES;
				"CODE_SIGN_IDENTITY[sdk=iphoneos*]" = "iPhone Developer";
				COPY_PHASE_STRIP = NO;
				DEBUG_INFORMATION_FORMAT = "dwarf-with-dsym";
				ENABLE_NS_ASSERTIONS = NO;
				ENABLE_STRICT_OBJC_MSGSEND = YES;
				GCC_C_LANGUAGE_STANDARD = gnu99;
				GCC_NO_COMMON_BLOCKS = YES;
				GCC_WARN_64_TO_32_BIT_CONVERSION = YES;
				GCC_WARN_ABOUT_RETURN_TYPE = YES_ERROR;
				GCC_WARN_UNDECLARED_SELECTOR = YES;
				GCC_WARN_UNINITIALIZED_AUTOS = YES_AGGRESSIVE;
				GCC_WARN_UNUSED_FUNCTION = YES;
				GCC_WARN_UNUSED_VARIABLE = YES;
				IPHONEOS_DEPLOYMENT_TARGET = 10.3;
				MTL_ENABLE_DEBUG_INFO = NO;
				SDKROOT = iphoneos;
				SWIFT_OPTIMIZATION_LEVEL = "-Owholemodule";
				TARGETED_DEVICE_FAMILY = "1,2";
				VALIDATE_PRODUCT = YES;
			};
			name = Release;
		};
		74C0D9C31F801DA6005728AF /* Debug */ = {
			isa = XCBuildConfiguration;
			baseConfigurationReference = D6E9EBF387148979CF151B05 /* Pods-TwitterDemo.debug.xcconfig */;
			buildSettings = {
				ASSETCATALOG_COMPILER_APPICON_NAME = AppIcon;
				INFOPLIST_FILE = TwitterDemo/Info.plist;
				LD_RUNPATH_SEARCH_PATHS = "$(inherited) @executable_path/Frameworks";
				PRODUCT_BUNDLE_IDENTIFIER = com.siji.codepath.TwitterDemo;
				PRODUCT_NAME = "$(TARGET_NAME)";
				SWIFT_VERSION = 3.0;
			};
			name = Debug;
		};
		74C0D9C41F801DA6005728AF /* Release */ = {
			isa = XCBuildConfiguration;
			baseConfigurationReference = 2DCC90183563B1B0E9153C4E /* Pods-TwitterDemo.release.xcconfig */;
			buildSettings = {
				ASSETCATALOG_COMPILER_APPICON_NAME = AppIcon;
				INFOPLIST_FILE = TwitterDemo/Info.plist;
				LD_RUNPATH_SEARCH_PATHS = "$(inherited) @executable_path/Frameworks";
				PRODUCT_BUNDLE_IDENTIFIER = com.siji.codepath.TwitterDemo;
				PRODUCT_NAME = "$(TARGET_NAME)";
				SWIFT_VERSION = 3.0;
			};
			name = Release;
		};
		74C0D9C61F801DA6005728AF /* Debug */ = {
			isa = XCBuildConfiguration;
			baseConfigurationReference = 637E27385A28EFFC80D518CA /* Pods-TwitterDemoTests.debug.xcconfig */;
			buildSettings = {
				ALWAYS_EMBED_SWIFT_STANDARD_LIBRARIES = YES;
				BUNDLE_LOADER = "$(TEST_HOST)";
				INFOPLIST_FILE = TwitterDemoTests/Info.plist;
				LD_RUNPATH_SEARCH_PATHS = "$(inherited) @executable_path/Frameworks @loader_path/Frameworks";
				PRODUCT_BUNDLE_IDENTIFIER = com.siji.codepath.TwitterDemoTests;
				PRODUCT_NAME = "$(TARGET_NAME)";
				SWIFT_VERSION = 3.0;
				TEST_HOST = "$(BUILT_PRODUCTS_DIR)/TwitterDemo.app/TwitterDemo";
			};
			name = Debug;
		};
		74C0D9C71F801DA6005728AF /* Release */ = {
			isa = XCBuildConfiguration;
			baseConfigurationReference = AD98F29E27A91E5E519E5F4A /* Pods-TwitterDemoTests.release.xcconfig */;
			buildSettings = {
				ALWAYS_EMBED_SWIFT_STANDARD_LIBRARIES = YES;
				BUNDLE_LOADER = "$(TEST_HOST)";
				INFOPLIST_FILE = TwitterDemoTests/Info.plist;
				LD_RUNPATH_SEARCH_PATHS = "$(inherited) @executable_path/Frameworks @loader_path/Frameworks";
				PRODUCT_BUNDLE_IDENTIFIER = com.siji.codepath.TwitterDemoTests;
				PRODUCT_NAME = "$(TARGET_NAME)";
				SWIFT_VERSION = 3.0;
				TEST_HOST = "$(BUILT_PRODUCTS_DIR)/TwitterDemo.app/TwitterDemo";
			};
			name = Release;
		};
		74C0D9C91F801DA6005728AF /* Debug */ = {
			isa = XCBuildConfiguration;
			baseConfigurationReference = 87327124B4AAB417E1350A4D /* Pods-TwitterDemoUITests.debug.xcconfig */;
			buildSettings = {
				ALWAYS_EMBED_SWIFT_STANDARD_LIBRARIES = YES;
				INFOPLIST_FILE = TwitterDemoUITests/Info.plist;
				LD_RUNPATH_SEARCH_PATHS = "$(inherited) @executable_path/Frameworks @loader_path/Frameworks";
				PRODUCT_BUNDLE_IDENTIFIER = com.siji.codepath.TwitterDemoUITests;
				PRODUCT_NAME = "$(TARGET_NAME)";
				SWIFT_VERSION = 3.0;
				TEST_TARGET_NAME = TwitterDemo;
			};
			name = Debug;
		};
		74C0D9CA1F801DA6005728AF /* Release */ = {
			isa = XCBuildConfiguration;
			baseConfigurationReference = 6928D3DD52BE2EDFA88BC73C /* Pods-TwitterDemoUITests.release.xcconfig */;
			buildSettings = {
				ALWAYS_EMBED_SWIFT_STANDARD_LIBRARIES = YES;
				INFOPLIST_FILE = TwitterDemoUITests/Info.plist;
				LD_RUNPATH_SEARCH_PATHS = "$(inherited) @executable_path/Frameworks @loader_path/Frameworks";
				PRODUCT_BUNDLE_IDENTIFIER = com.siji.codepath.TwitterDemoUITests;
				PRODUCT_NAME = "$(TARGET_NAME)";
				SWIFT_VERSION = 3.0;
				TEST_TARGET_NAME = TwitterDemo;
			};
			name = Release;
		};
/* End XCBuildConfiguration section */

/* Begin XCConfigurationList section */
		74C0D9951F801DA6005728AF /* Build configuration list for PBXProject "TwitterDemo" */ = {
			isa = XCConfigurationList;
			buildConfigurations = (
				74C0D9C01F801DA6005728AF /* Debug */,
				74C0D9C11F801DA6005728AF /* Release */,
			);
			defaultConfigurationIsVisible = 0;
			defaultConfigurationName = Release;
		};
		74C0D9C21F801DA6005728AF /* Build configuration list for PBXNativeTarget "TwitterDemo" */ = {
			isa = XCConfigurationList;
			buildConfigurations = (
				74C0D9C31F801DA6005728AF /* Debug */,
				74C0D9C41F801DA6005728AF /* Release */,
			);
			defaultConfigurationIsVisible = 0;
			defaultConfigurationName = Release;
		};
		74C0D9C51F801DA6005728AF /* Build configuration list for PBXNativeTarget "TwitterDemoTests" */ = {
			isa = XCConfigurationList;
			buildConfigurations = (
				74C0D9C61F801DA6005728AF /* Debug */,
				74C0D9C71F801DA6005728AF /* Release */,
			);
			defaultConfigurationIsVisible = 0;
			defaultConfigurationName = Release;
		};
		74C0D9C81F801DA6005728AF /* Build configuration list for PBXNativeTarget "TwitterDemoUITests" */ = {
			isa = XCConfigurationList;
			buildConfigurations = (
				74C0D9C91F801DA6005728AF /* Debug */,
				74C0D9CA1F801DA6005728AF /* Release */,
			);
			defaultConfigurationIsVisible = 0;
			defaultConfigurationName = Release;
		};
/* End XCConfigurationList section */
	};
	rootObject = 74C0D9921F801DA6005728AF /* Project object */;
}
